{
  "name": "miniprogram",
  "version": "1.0.0",
  "lockfileVersion": 2,
  "requires": true,
  "packages": {
    "": {
      "name": "miniprogram",
      "version": "1.0.0",
      "license": "ISC",
      "dependencies": {
        "@miniprogram-component-plus/video-swiper": "^1.0.1",
        "@vant/weapp": "^1.6.8",
        "cos-wx-sdk-v5": "^1.0.3",
        "crypto-js": "^4.0.0",
        "tim-wx-sdk": "^2.7.8"
      },
      "devDependencies": {}
    },
    "node_modules/@miniprogram-component-plus/video-swiper": {
      "version": "1.0.1",
      "resolved": "https://registry.npmjs.org/@miniprogram-component-plus/video-swiper/-/video-swiper-1.0.1.tgz",
      "integrity": "sha512-1rlmsS3/TR0Zu0nZHwEwb9UCQWY/ofPv73zU56FLfZh72Xw+BcIzfohrDxrGs5QpoL4KCLl9G7UB5w+3ZRSZzQ=="
    },
    "node_modules/@vant/weapp": {
      "version": "1.10.19",
      "resolved": "https://registry.npmjs.org/@vant/weapp/-/weapp-1.10.19.tgz",
      "integrity": "sha512-RStOPlSELi9lqim9dGagguViUVMNnfZaEceZ248JZgPjn5TzL2nwwHGWl9VI69SBPC+5MPS+LXm7Z4jcdscFeg=="
    },
    "node_modules/@xmldom/xmldom": {
      "version": "0.8.8",
      "resolved": "https://registry.npmjs.org/@xmldom/xmldom/-/xmldom-0.8.8.tgz",
      "integrity": "sha512-0LNz4EY8B/8xXY86wMrQ4tz6zEHZv9ehFMJPm8u2gq5lQ71cfRKdaKyxfJAx5aUoyzx0qzgURblTisPGgz3d+Q==",
      "engines": {
        "node": ">=10.0.0"
      }
    },
    "node_modules/cos-wx-sdk-v5": {
      "version": "1.4.10",
      "resolved": "https://registry.npmjs.org/cos-wx-sdk-v5/-/cos-wx-sdk-v5-1.4.10.tgz",
      "integrity": "sha512-q2/VtECCHAKUhrOxWq43BEpAgFY+0vexu/M3Cf3JV7fWaoJ+wLqeVvaOM1EZzMd3NS1nbAjqCCpuaVna67sFWg==",
      "dependencies": {
        "@xmldom/xmldom": "^0.8.6",
        "mime": "^2.4.6"
      }
    },
    "node_modules/crypto-js": {
      "version": "4.1.1",
      "resolved": "https://registry.npmjs.org/crypto-js/-/crypto-js-4.1.1.tgz",
      "integrity": "sha512-o2JlM7ydqd3Qk9CA0L4NL6mTzU2sdx96a+oOfPu8Mkl/PK51vSyoi8/rQ8NknZtk44vq15lmhAj9CIAGwgeWKw=="
    },
    "node_modules/mime": {
      "version": "2.6.0",
      "resolved": "https://registry.npmjs.org/mime/-/mime-2.6.0.tgz",
      "integrity": "sha512-USPkMeET31rOMiarsBNIHZKLGgvKc/LrjofAnBlOttf5ajRvqiRA8QsenbcooctK6d6Ts6aqZXBA+XbkKthiQg==",
      "bin": {
        "mime": "cli.js"
      },
      "engines": {
        "node": ">=4.0.0"
      }
    },
    "node_modules/tim-wx-sdk": {
      "version": "2.27.3",
      "resolved": "https://registry.npmjs.org/tim-wx-sdk/-/tim-wx-sdk-2.27.3.tgz",
      "integrity": "sha512-9Mirg6oKeQbmwKCX9CdH6k2zYNpF+tWHmh1+EFGlKIAgmJ3jrlj1aP3a+OB8Orn3z4Pj3XX6jUJTBlQK8grgdQ=="
    }
  },
  "dependencies": {
    "@miniprogram-component-plus/video-swiper": {
      "version": "1.0.1",
      "resolved": "https://registry.npmjs.org/@miniprogram-component-plus/video-swiper/-/video-swiper-1.0.1.tgz",
      "integrity": "sha512-1rlmsS3/TR0Zu0nZHwEwb9UCQWY/ofPv73zU56FLfZh72Xw+BcIzfohrDxrGs5QpoL4KCLl9G7UB5w+3ZRSZzQ=="
    },
    "@vant/weapp": {
      "version": "1.10.19",
      "resolved": "https://registry.npmjs.org/@vant/weapp/-/weapp-1.10.19.tgz",
      "integrity": "sha512-RStOPlSELi9lqim9dGagguViUVMNnfZaEceZ248JZgPjn5TzL2nwwHGWl9VI69SBPC+5MPS+LXm7Z4jcdscFeg=="
    },
    "@xmldom/xmldom": {
      "version": "0.8.8",
      "resolved": "https://registry.npmjs.org/@xmldom/xmldom/-/xmldom-0.8.8.tgz",
      "integrity": "sha512-0LNz4EY8B/8xXY86wMrQ4tz6zEHZv9ehFMJPm8u2gq5lQ71cfRKdaKyxfJAx5aUoyzx0qzgURblTisPGgz3d+Q=="
    },
    "cos-wx-sdk-v5": {
      "version": "1.4.10",
      "resolved": "https://registry.npmjs.org/cos-wx-sdk-v5/-/cos-wx-sdk-v5-1.4.10.tgz",
      "integrity": "sha512-q2/VtECCHAKUhrOxWq43BEpAgFY+0vexu/M3Cf3JV7fWaoJ+wLqeVvaOM1EZzMd3NS1nbAjqCCpuaVna67sFWg==",
      "requires": {
        "@xmldom/xmldom": "^0.8.6",
        "mime": "^2.4.6"
      }
    },
    "crypto-js": {
      "version": "4.1.1",
      "resolved": "https://registry.npmjs.org/crypto-js/-/crypto-js-4.1.1.tgz",
      "integrity": "sha512-o2JlM7ydqd3Qk9CA0L4NL6mTzU2sdx96a+oOfPu8Mkl/PK51vSyoi8/rQ8NknZtk44vq15lmhAj9CIAGwgeWKw=="
    },
    "mime": {
      "version": "2.6.0",
      "resolved": "https://registry.npmjs.org/mime/-/mime-2.6.0.tgz",
      "integrity": "sha512-USPkMeET31rOMiarsBNIHZKLGgvKc/LrjofAnBlOttf5ajRvqiRA8QsenbcooctK6d6Ts6aqZXBA+XbkKthiQg=="
    },
    "tim-wx-sdk": {
      "version": "2.27.3",
      "resolved": "https://registry.npmjs.org/tim-wx-sdk/-/tim-wx-sdk-2.27.3.tgz",
      "integrity": "sha512-9Mirg6oKeQbmwKCX9CdH6k2zYNpF+tWHmh1+EFGlKIAgmJ3jrlj1aP3a+OB8Orn3z4Pj3XX6jUJTBlQK8grgdQ=="
    }
  }
}
